// !$*UTF8*$!
{
	archiveVersion = 1;
	classes = {
	};
	objectVersion = 50;
	objects = {

/* Begin PBXBuildFile section */
		2FE6455025A8DF570090646F /* AppDelegate.swift in Sources */ = {isa = PBXBuildFile; fileRef = 2FE6454F25A8DF570090646F /* AppDelegate.swift */; };
		2FE6455225A8DF570090646F /* SceneDelegate.swift in Sources */ = {isa = PBXBuildFile; fileRef = 2FE6455125A8DF570090646F /* SceneDelegate.swift */; };
		2FE6455425A8DF570090646F /* ViewController.swift in Sources */ = {isa = PBXBuildFile; fileRef = 2FE6455325A8DF570090646F /* ViewController.swift */; };
		2FE6455725A8DF570090646F /* Main.storyboard in Resources */ = {isa = PBXBuildFile; fileRef = 2FE6455525A8DF570090646F /* Main.storyboard */; };
		2FE6455925A8DF570090646F /* Assets.xcassets in Resources */ = {isa = PBXBuildFile; fileRef = 2FE6455825A8DF570090646F /* Assets.xcassets */; };
		2FE6455C25A8DF570090646F /* LaunchScreen.storyboard in Resources */ = {isa = PBXBuildFile; fileRef = 2FE6455A25A8DF570090646F /* LaunchScreen.storyboard */; };
		2FE6456D25AA31D90090646F /* Model.swift in Sources */ = {isa = PBXBuildFile; fileRef = 2FE6456C25AA31D90090646F /* Model.swift */; };
/* End PBXBuildFile section */

/* Begin PBXFileReference section */
		2FE6454C25A8DF570090646F /* HWS_NotesApp_Clone_Challenge.app */ = {isa = PBXFileReference; explicitFileType = wrapper.application; includeInIndex = 0; path = HWS_NotesApp_Clone_Challenge.app; sourceTree = BUILT_PRODUCTS_DIR; };
		2FE6454F25A8DF570090646F /* AppDelegate.swift */ = {isa = PBXFileReference; lastKnownFileType = sourcecode.swift; path = AppDelegate.swift; sourceTree = "<group>"; };
		2FE6455125A8DF570090646F /* SceneDelegate.swift */ = {isa = PBXFileReference; lastKnownFileType = sourcecode.swift; path = SceneDelegate.swift; sourceTree = "<group>"; };
		2FE6455325A8DF570090646F /* ViewController.swift */ = {isa = PBXFileReference; lastKnownFileType = sourcecode.swift; path = ViewController.swift; sourceTree = "<group>"; };
		2FE6455625A8DF570090646F /* Base */ = {isa = PBXFileReference; lastKnownFileType = file.storyboard; name = Base; path = Base.lproj/Main.storyboard; sourceTree = "<group>"; };
		2FE6455825A8DF570090646F /* Assets.xcassets */ = {isa = PBXFileReference; lastKnownFileType = folder.assetcatalog; path = Assets.xcassets; sourceTree = "<group>"; };
		2FE6455B25A8DF570090646F /* Base */ = {isa = PBXFileReference; lastKnownFileType = file.storyboard; name = Base; path = Base.lproj/LaunchScreen.storyboard; sourceTree = "<group>"; };
		2FE6455D25A8DF570090646F /* Info.plist */ = {isa = PBXFileReference; lastKnownFileType = text.plist.xml; path = Info.plist; sourceTree = "<group>"; };
		2FE6456C25AA31D90090646F /* Model.swift */ = {isa = PBXFileReference; lastKnownFileType = sourcecode.swift; path = Model.swift; sourceTree = "<group>"; };
/* End PBXFileReference section */

/* Begin PBXFrameworksBuildPhase section */
		2FE6454925A8DF570090646F /* Frameworks */ = {
			isa = PBXFrameworksBuildPhase;
			buildActionMask = 2147483647;
			files = (
			);
			runOnlyForDeploymentPostprocessing = 0;
		};
/* End PBXFrameworksBuildPhase section */

/* Begin PBXGroup section */
		2FE6454325A8DF570090646F = {
			isa = PBXGroup;
			children = (
				2FE6454E25A8DF570090646F /* HWS_NotesApp_Clone_Challenge */,
				2FE6454D25A8DF570090646F /* Products */,
			);
			sourceTree = "<group>";
		};
		2FE6454D25A8DF570090646F /* Products */ = {
			isa = PBXGroup;
			children = (
				2FE6454C25A8DF570090646F /* HWS_NotesApp_Clone_Challenge.app */,
			);
			name = Products;
			sourceTree = "<group>";
		};
		2FE6454E25A8DF570090646F /* HWS_NotesApp_Clone_Challenge */ = {
			isa = PBXGroup;
			children = (
				2FE6454F25A8DF570090646F /* AppDelegate.swift */,
				2FE6455125A8DF570090646F /* SceneDelegate.swift */,
				2FE6455325A8DF570090646F /* ViewController.swift */,
				2FE6455525A8DF570090646F /* Main.storyboard */,
				2FE6455825A8DF570090646F /* Assets.xcassets */,
				2FE6455A25A8DF570090646F /* LaunchScreen.storyboard */,
				2FE6455D25A8DF570090646F /* Info.plist */,
				2FE6456C25AA31D90090646F /* Model.swift */,
			);
			path = HWS_NotesApp_Clone_Challenge;
			sourceTree = "<group>";
		};
/* End PBXGroup section */

/* Begin PBXNativeTarget section */
		2FE6454B25A8DF570090646F /* HWS_NotesApp_Clone_Challenge */ = {
			isa = PBXNativeTarget;
			buildConfigurationList = 2FE6456025A8DF570090646F /* Build configuration list for PBXNativeTarget "HWS_NotesApp_Clone_Challenge" */;
			buildPhases = (
				2FE6454825A8DF570090646F /* Sources */,
				2FE6454925A8DF570090646F /* Frameworks */,
				2FE6454A25A8DF570090646F /* Resources */,
			);
			buildRules = (
			);
			dependencies = (
			);
			name = HWS_NotesApp_Clone_Challenge;
			productName = HWS_NotesApp_Clone_Challenge;
			productReference = 2FE6454C25A8DF570090646F /* HWS_NotesApp_Clone_Challenge.app */;
			productType = "com.apple.product-type.application";
		};
/* End PBXNativeTarget section */

/* Begin PBXProject section */
		2FE6454425A8DF570090646F /* Project object */ = {
			isa = PBXProject;
			attributes = {
				LastSwiftUpdateCheck = 1230;
				LastUpgradeCheck = 1230;
				TargetAttributes = {
					2FE6454B25A8DF570090646F = {
						CreatedOnToolsVersion = 12.3;
					};
				};
			};
			buildConfigurationList = 2FE6454725A8DF570090646F /* Build configuration list for PBXProject "HWS_NotesApp_Clone_Challenge" */;
			compatibilityVersion = "Xcode 9.3";
			developmentRegion = en;
			hasScannedForEncodings = 0;
			knownRegions = (
				en,
				Base,
			);
			mainGroup = 2FE6454325A8DF570090646F;
			productRefGroup = 2FE6454D25A8DF570090646F /* Products */;
			projectDirPath = "";
			projectRoot = "";
			targets = (
				2FE6454B25A8DF570090646F /* HWS_NotesApp_Clone_Challenge */,
			);
		};
/* End PBXProject section */

/* Begin PBXResourcesBuildPhase section */
		2FE6454A25A8DF570090646F /* Resources */ = {
			isa = PBXResourcesBuildPhase;
			buildActionMask = 2147483647;
			files = (
				2FE6455C25A8DF570090646F /* LaunchScreen.storyboard in Resources */,
				2FE6455925A8DF570090646F /* Assets.xcassets in Resources */,
				2FE6455725A8DF570090646F /* Main.storyboard in Resources */,
			);
			runOnlyForDeploymentPostprocessing = 0;
		};
/* End PBXResourcesBuildPhase section */

/* Begin PBXSourcesBuildPhase section */
		2FE6454825A8DF570090646F /* Sources */ = {
			isa = PBXSourcesBuildPhase;
			buildActionMask = 2147483647;
			files = (
				2FE6455425A8DF570090646F /* ViewController.swift in Sources */,
				2FE6455025A8DF570090646F /* AppDelegate.swift in Sources */,
				2FE6455225A8DF570090646F /* SceneDelegate.swift in Sources */,
				2FE6456D25AA31D90090646F /* Model.swift in Sources */,
			);
			runOnlyForDeploymentPostprocessing = 0;
		};
/* End PBXSourcesBuildPhase section */

/* Begin PBXVariantGroup section */
		2FE6455525A8DF570090646F /* Main.storyboard */ = {
			isa = PBXVariantGroup;
			children = (
				2FE6455625A8DF570090646F /* Base */,
			);
			name = Main.storyboard;
			sourceTree = "<group>";
		};
		2FE6455A25A8DF570090646F /* LaunchScreen.storyboard */ = {
			isa = PBXVariantGroup;
			children = (
				2FE6455B25A8DF570090646F /* Base */,
			);
			name = LaunchScreen.storyboard;
			sourceTree = "<group>";
		};
/* End PBXVariantGroup section */

/* Begin XCBuildConfiguration section */
		2FE6455E25A8DF570090646F /* Debug */ = {
			isa = XCBuildConfiguration;
			buildSettings = {
				ALWAYS_SEARCH_USER_PATHS = NO;
				CLANG_ANALYZER_NONNULL = YES;
				CLANG_ANALYZER_NUMBER_OBJECT_CONVERSION = YES_AGGRESSIVE;
				CLANG_CXX_LANGUAGE_STANDARD = "gnu++14";
				CLANG_CXX_LIBRARY = "libc++";
				CLANG_ENABLE_MODULES = YES;
				CLANG_ENABLE_OBJC_ARC = YES;
				CLANG_ENABLE_OBJC_WEAK = YES;
				CLANG_WARN_BLOCK_CAPTURE_AUTORELEASING = YES;
				CLANG_WARN_BOOL_CONVERSION = YES;
				CLANG_WARN_COMMA = YES;
				CLANG_WARN_CONSTANT_CONVERSION = YES;
				CLANG_WARN_DEPRECATED_OBJC_IMPLEMENTATIONS = YES;
				CLANG_WARN_DIRECT_OBJC_ISA_USAGE = YES_ERROR;
				CLANG_WARN_DOCUMENTATION_COMMENTS = YES;
				CLANG_WARN_EMPTY_BODY = YES;
				CLANG_WARN_ENUM_CONVERSION = YES;
				CLANG_WARN_INFINITE_RECURSION = YES;
				CLANG_WARN_INT_CONVERSION = YES;
				CLANG_WARN_NON_LITERAL_NULL_CONVERSION = YES;
				CLANG_WARN_OBJC_IMPLICIT_RETAIN_SELF = YES;
				CLANG_WARN_OBJC_LITERAL_CONVERSION = YES;
				CLANG_WARN_OBJC_ROOT_CLASS = YES_ERROR;
				CLANG_WARN_QUOTED_INCLUDE_IN_FRAMEWORK_HEADER = YES;
				CLANG_WARN_RANGE_LOOP_ANALYSIS = YES;
				CLANG_WARN_STRICT_PROTOTYPES = YES;
				CLANG_WARN_SUSPICIOUS_MOVE = YES;
				CLANG_WARN_UNGUARDED_AVAILABILITY = YES_AGGRESSIVE;
				CLANG_WARN_UNREACHABLE_CODE = YES;
				CLANG_WARN__DUPLICATE_METHOD_MATCH = YES;
				COPY_PHASE_STRIP = NO;
				DEBUG_INFORMATION_FORMAT = dwarf;
				ENABLE_STRICT_OBJC_MSGSEND = YES;
				ENABLE_TESTABILITY = YES;
				GCC_C_LANGUAGE_STANDARD = gnu11;
				GCC_DYNAMIC_NO_PIC = NO;
				GCC_NO_COMMON_BLOCKS = YES;
				GCC_OPTIMIZATION_LEVEL = 0;
				GCC_PREPROCESSOR_DEFINITIONS = (
					"DEBUG=1",
					"$(inherited)",
				);
				GCC_WARN_64_TO_32_BIT_CONVERSION = YES;
				GCC_WARN_ABOUT_RETURN_TYPE = YES_ERROR;
				GCC_WARN_UNDECLARED_SELECTOR = YES;
				GCC_WARN_UNINITIALIZED_AUTOS = YES_AGGRESSIVE;
				GCC_WARN_UNUSED_FUNCTION = YES;
				GCC_WARN_UNUSED_VARIABLE = YES;
				IPHONEOS_DEPLOYMENT_TARGET = 14.3;
				MTL_ENABLE_DEBUG_INFO = INCLUDE_SOURCE;
				MTL_FAST_MATH = YES;
				ONLY_ACTIVE_ARCH = YES;
				SDKROOT = iphoneos;
				SWIFT_ACTIVE_COMPILATION_CONDITIONS = DEBUG;
				SWIFT_OPTIMIZATION_LEVEL = "-Onone";
			};
			name = Debug;
		};
		2FE6455F25A8DF570090646F /* Release */ = {
			isa = XCBuildConfiguration;
			buildSettings = {
				ALWAYS_SEARCH_USER_PATHS = NO;
				CLANG_ANALYZER_NONNULL = YES;
				CLANG_ANALYZER_NUMBER_OBJECT_CONVERSION = YES_AGGRESSIVE;
				CLANG_CXX_LANGUAGE_STANDARD = "gnu++14";
				CLANG_CXX_LIBRARY = "libc++";
				CLANG_ENABLE_MODULES = YES;
				CLANG_ENABLE_OBJC_ARC = YES;
				CLANG_ENABLE_OBJC_WEAK = YES;
				CLANG_WARN_BLOCK_CAPTURE_AUTORELEASING = YES;
				CLANG_WARN_BOOL_CONVERSION = YES;
				CLANG_WARN_COMMA = YES;
				CLANG_WARN_CONSTANT_CONVERSION = YES;
				CLANG_WARN_DEPRECATED_OBJC_IMPLEMENTATIONS = YES;
				CLANG_WARN_DIRECT_OBJC_ISA_USAGE = YES_ERROR;
				CLANG_WARN_DOCUMENTATION_COMMENTS = YES;
				CLANG_WARN_EMPTY_BODY = YES;
				CLANG_WARN_ENUM_CONVERSION = YES;
				CLANG_WARN_INFINITE_RECURSION = YES;
				CLANG_WARN_INT_CONVERSION = YES;
				CLANG_WARN_NON_LITERAL_NULL_CONVERSION = YES;
				CLANG_WARN_OBJC_IMPLICIT_RETAIN_SELF = YES;
				CLANG_WARN_OBJC_LITERAL_CONVERSION = YES;
				CLANG_WARN_OBJC_ROOT_CLASS = YES_ERROR;
				CLANG_WARN_QUOTED_INCLUDE_IN_FRAMEWORK_HEADER = YES;
				CLANG_WARN_RANGE_LOOP_ANALYSIS = YES;
				CLANG_WARN_STRICT_PROTOTYPES = YES;
				CLANG_WARN_SUSPICIOUS_MOVE = YES;
				CLANG_WARN_UNGUARDED_AVAILABILITY = YES_AGGRESSIVE;
				CLANG_WARN_UNREACHABLE_CODE = YES;
				CLANG_WARN__DUPLICATE_METHOD_MATCH = YES;
				COPY_PHASE_STRIP = NO;
				DEBUG_INFORMATION_FORMAT = "dwarf-with-dsym";
				ENABLE_NS_ASSERTIONS = NO;
				ENABLE_STRICT_OBJC_MSGSEND = YES;
				GCC_C_LANGUAGE_STANDARD = gnu11;
				GCC_NO_COMMON_BLOCKS = YES;
				GCC_WARN_64_TO_32_BIT_CONVERSION = YES;
				GCC_WARN_ABOUT_RETURN_TYPE = YES_ERROR;
				GCC_WARN_UNDECLARED_SELECTOR = YES;
				GCC_WARN_UNINITIALIZED_AUTOS = YES_AGGRESSIVE;
				GCC_WARN_UNUSED_FUNCTION = YES;
				GCC_WARN_UNUSED_VARIABLE = YES;
				IPHONEOS_DEPLOYMENT_TARGET = 14.3;
				MTL_ENABLE_DEBUG_INFO = NO;
				MTL_FAST_MATH = YES;
				SDKROOT = iphoneos;
				SWIFT_COMPILATION_MODE = wholemodule;
				SWIFT_OPTIMIZATION_LEVEL = "-O";
				VALIDATE_PRODUCT = YES;
			};
			name = Release;
		};
		2FE6456125A8DF570090646F /* Debug */ = {
			isa = XCBuildConfiguration;
			buildSettings = {
				ASSETCATALOG_COMPILER_APPICON_NAME = AppIcon;
				ASSETCATALOG_COMPILER_GLOBAL_ACCENT_COLOR_NAME = AccentColor;
				CODE_SIGN_STYLE = Automatic;
				DEVELOPMENT_TEAM = Q584HK9U5R;
				INFOPLIST_FILE = HWS_NotesApp_Clone_Challenge/Info.plist;
				LD_RUNPATH_SEARCH_PATHS = (
					"$(inherited)",
					"@executable_path/Frameworks",
				);
				PRODUCT_BUNDLE_IDENTIFIER = "com.corytepper.HWS-NotesApp-Clone-Challenge";
				PRODUCT_NAME = "$(TARGET_NAME)";
				SWIFT_VERSION = 5.0;
				TARGETED_DEVICE_FAMILY = "1,2";
			};
			name = Debug;
		};
		2FE6456225A8DF570090646F /* Release */ = {
			isa = XCBuildConfiguration;
			buildSettings = {
				ASSETCATALOG_COMPILER_APPICON_NAME = AppIcon;
				ASSETCATALOG_COMPILER_GLOBAL_ACCENT_COLOR_NAME = AccentColor;
				CODE_SIGN_STYLE = Automatic;
				DEVELOPMENT_TEAM = Q584HK9U5R;
				INFOPLIST_FILE = HWS_NotesApp_Clone_Challenge/Info.plist;
				LD_RUNPATH_SEARCH_PATHS = (
					"$(inherited)",
					"@executable_path/Frameworks",
				);
				PRODUCT_BUNDLE_IDENTIFIER = "com.corytepper.HWS-NotesApp-Clone-Challenge";
				PRODUCT_NAME = "$(TARGET_NAME)";
				SWIFT_VERSION = 5.0;
				TARGETED_DEVICE_FAMILY = "1,2";
			};
			name = Release;
		};
/* End XCBuildConfiguration section */

/* Begin XCConfigurationList section */
		2FE6454725A8DF570090646F /* Build configuration list for PBXProject "HWS_NotesApp_Clone_Challenge" */ = {
			isa = XCConfigurationList;
			buildConfigurations = (
				2FE6455E25A8DF570090646F /* Debug */,
				2FE6455F25A8DF570090646F /* Release */,
			);
			defaultConfigurationIsVisible = 0;
			defaultConfigurationName = Release;
		};
		2FE6456025A8DF570090646F /* Build configuration list for PBXNativeTarget "HWS_NotesApp_Clone_Challenge" */ = {
			isa = XCConfigurationList;
			buildConfigurations = (
				2FE6456125A8DF570090646F /* Debug */,
				2FE6456225A8DF570090646F /* Release */,
			);
			defaultConfigurationIsVisible = 0;
			defaultConfigurationName = Release;
		};
/* End XCConfigurationList section */
	};
	rootObject = 2FE6454425A8DF570090646F /* Project object */;
}
